
Microsoft Visual Studio Solution File, Format Version 12.00
# Visual Studio Version 17
VisualStudioVersion = 17.5.002.0
MinimumVisualStudioVersion = 10.0.40219.1
Project("{9A19103F-16F7-4668-BE54-9A1E7A4F7556}") = "c_sharp", "c_sharp.csproj", "{3D0B70F7-D47E-4507-8F6C-BC97F24B3D2D}"
EndProject
Global
	GlobalSection(SolutionConfigurationPlatforms) = preSolution
		Debug|Any CPU = Debug|Any CPU
		Release|Any CPU = Release|Any CPU
	EndGlobalSection
	GlobalSection(ProjectConfigurationPlatforms) = postSolution
		{3D0B70F7-D47E-4507-8F6C-BC97F24B3D2D}.Debug|Any CPU.ActiveCfg = Debug|Any CPU
		{3D0B70F7-D47E-4507-8F6C-BC97F24B3D2D}.Debug|Any CPU.Build.0 = Debug|Any CPU
		{3D0B70F7-D47E-4507-8F6C-BC97F24B3D2D}.Release|Any CPU.ActiveCfg = Release|Any CPU
		{3D0B70F7-D47E-4507-8F6C-BC97F24B3D2D}.Release|Any CPU.Build.0 = Release|Any CPU
	EndGlobalSection
	GlobalSection(SolutionProperties) = preSolution
		HideSolutionNode = FALSE
	EndGlobalSection
	GlobalSection(ExtensibilityGlobals) = postSolution
		SolutionGuid = {44824221-00DA-4EDE-A02A-BDC2269FAE89}
	EndGlobalSection
EndGlobal
